
Microsoft Visual Studio Solution File, Format Version 12.00
# Visual Studio 14
VisualStudioVersion = 14.0.24720.0
MinimumVisualStudioVersion = 10.0.40219.1
Project("{FAE04EC0-301F-11D3-BF4B-00C04F79EFBC}") = "HttpClient", "HttpClient\HttpClient.csproj", "{B5D25E8C-4555-4B47-B122-50F2485329CD}"
EndProject
Project("{FAE04EC0-301F-11D3-BF4B-00C04F79EFBC}") = "HttpClient.Tests", "HttpClient.Tests\HttpClient.Tests.csproj", "{06B8EF68-E973-4EFA-9D83-1FC20AC1D556}"
EndProject
Global
	GlobalSection(SolutionConfigurationPlatforms) = preSolution
		Debug|Any CPU = Debug|Any CPU
		Release|Any CPU = Release|Any CPU
	EndGlobalSection
	GlobalSection(ProjectConfigurationPlatforms) = postSolution
		{B5D25E8C-4555-4B47-B122-50F2485329CD}.Debug|Any CPU.ActiveCfg = Debug|Any CPU
		{B5D25E8C-4555-4B47-B122-50F2485329CD}.Debug|Any CPU.Build.0 = Debug|Any CPU
		{B5D25E8C-4555-4B47-B122-50F2485329CD}.Release|Any CPU.ActiveCfg = Release|Any CPU
		{B5D25E8C-4555-4B47-B122-50F2485329CD}.Release|Any CPU.Build.0 = Release|Any CPU
		{06B8EF68-E973-4EFA-9D83-1FC20AC1D556}.Debug|Any CPU.ActiveCfg = Debug|Any CPU
		{06B8EF68-E973-4EFA-9D83-1FC20AC1D556}.Debug|Any CPU.Build.0 = Debug|Any CPU
		{06B8EF68-E973-4EFA-9D83-1FC20AC1D556}.Release|Any CPU.ActiveCfg = Release|Any CPU
		{06B8EF68-E973-4EFA-9D83-1FC20AC1D556}.Release|Any CPU.Build.0 = Release|Any CPU
	EndGlobalSection
	GlobalSection(SolutionProperties) = preSolution
		HideSolutionNode = FALSE
	EndGlobalSection
EndGlobal
